<?xml version="1.0" encoding="utf-8"?>
<Project ToolsVersion="4.0" xmlns="http://schemas.microsoft.com/developer/msbuild/2003">
  <ItemGroup>
    <Filter Include="Source Files">
      <UniqueIdentifier>{4FC737F1-C7A5-4376-A066-2A32D752A2FF}</UniqueIdentifier>
      <Extensions>cpp;c;cc;cxx;c++;cppm;ixx;def;odl;idl;hpj;bat;asm;asmx</Extensions>
    </Filter>
    <Filter Include="Source Files\TestScript">
      <UniqueIdentifier>{7dcdedaa-f3b9-4c71-98e3-f04374b48c2b}</UniqueIdentifier>
    </Filter>
    <Filter Include="Source Files\EditorTabs">
      <UniqueIdentifier>{a95f7541-aadb-40ae-92aa-7e72c8645a57}</UniqueIdentifier>
    </Filter>
    <Filter Include="Source Files\EditorTabs\Factories">
      <UniqueIdentifier>{c3c937fb-628d-46f3-8aa8-17b71c7e5a80}</UniqueIdentifier>
    </Filter>
    <Filter Include="Source Files\Windows">
      <UniqueIdentifier>{32bb9141-ab7e-4c5b-990f-9f817ba38ac8}</UniqueIdentifier>
    </Filter>
    <Filter Include="Source Files\EditorTabs\AnimatorEditor">
      <UniqueIdentifier>{ce82027e-3f57-4f2d-9fb6-9c63cdbaba83}</UniqueIdentifier>
    </Filter>
    <Filter Include="Libraries">
      <UniqueIdentifier>{ced0563e-348e-4afe-89fe-80ae28c62999}</UniqueIdentifier>
    </Filter>
    <Filter Include="Libraries\imgui-node-editor">
      <UniqueIdentifier>{dfb24978-334b-4c72-99c6-26613401903d}</UniqueIdentifier>
    </Filter>
    <Filter Include="Libraries\imgui-node-editor\rc">
      <UniqueIdentifier>{3e412064-2ba4-40fb-aae2-bd005c46f469}</UniqueIdentifier>
    </Filter>
    <Filter Include="Libraries\imgui-node-editor\utils">
      <UniqueIdentifier>{c5fbc21e-97ee-4e26-903e-f5bf47878a6e}</UniqueIdentifier>
    </Filter>
    <Filter Include="Resources">
      <UniqueIdentifier>{b68a9d58-9425-4afe-bb23-7051f23795ab}</UniqueIdentifier>
    </Filter>
    <Filter Include="Resources\Fonts">
      <UniqueIdentifier>{df5d63c7-689f-49fe-a312-96f0ce25fdee}</UniqueIdentifier>
    </Filter>
    <Filter Include="Source Files\EditorTabs\SceneEditor">
      <UniqueIdentifier>{ef8f7c12-35d7-4112-b952-54e4162138ac}</UniqueIdentifier>
    </Filter>
    <Filter Include="Source Files\ComponentInspectors">
      <UniqueIdentifier>{c5406223-9bcb-463a-92f3-2c1e62b744a6}</UniqueIdentifier>
    </Filter>
    <Filter Include="Source Files\EditorTabs\GameObjectEditor">
      <UniqueIdentifier>{9297112c-7dfb-4e63-a43a-bc66a0c921cf}</UniqueIdentifier>
    </Filter>
  </ItemGroup>
  <ItemGroup>
    <ClCompile Include="main.cpp">
      <Filter>Source Files</Filter>
    </ClCompile>
    <ClCompile Include="EditorContext.cpp">
      <Filter>Source Files</Filter>
    </ClCompile>
    <ClCompile Include="DataInspector.cpp">
      <Filter>Source Files</Filter>
    </ClCompile>
    <ClCompile Include="TestScript.cpp">
      <Filter>Source Files\TestScript</Filter>
    </ClCompile>
    <ClCompile Include="RotateScript.cpp">
      <Filter>Source Files\TestScript</Filter>
    </ClCompile>
    <ClCompile Include="EditorTab.cpp">
      <Filter>Source Files\EditorTabs</Filter>
    </ClCompile>
    <ClCompile Include="EditorTabFactory.cpp">
      <Filter>Source Files\EditorTabs\Factories</Filter>
    </ClCompile>
    <ClCompile Include="AnimatorEditorTabFactory.cpp">
      <Filter>Source Files\EditorTabs\Factories</Filter>
    </ClCompile>
    <ClCompile Include="AnimatorEditorTab.cpp">
      <Filter>Source Files\EditorTabs\AnimatorEditor</Filter>
    </ClCompile>
    <ClCompile Include="..\Libraries\imgui-node-editor\crude_json.cpp">
      <Filter>Libraries\imgui-node-editor</Filter>
    </ClCompile>
    <ClCompile Include="..\Libraries\imgui-node-editor\imgui_canvas.cpp">
      <Filter>Libraries\imgui-node-editor</Filter>
    </ClCompile>
    <ClCompile Include="..\Libraries\imgui-node-editor\imgui_node_editor.cpp">
      <Filter>Libraries\imgui-node-editor</Filter>
    </ClCompile>
    <ClCompile Include="..\Libraries\imgui-node-editor\imgui_node_editor_api.cpp">
      <Filter>Libraries\imgui-node-editor</Filter>
    </ClCompile>
    <ClCompile Include="AnimatorEditorSaveData.cpp">
      <Filter>Source Files\EditorTabs\AnimatorEditor</Filter>
    </ClCompile>
    <ClCompile Include="NodeEditorUtils\builders.cpp">
      <Filter>Libraries\imgui-node-editor\utils</Filter>
    </ClCompile>
    <ClCompile Include="NodeEditorUtils\drawing.cpp">
      <Filter>Libraries\imgui-node-editor\utils</Filter>
    </ClCompile>
    <ClCompile Include="NodeEditorUtils\widgets.cpp">
      <Filter>Libraries\imgui-node-editor\utils</Filter>
    </ClCompile>
    <ClCompile Include="EditorFont.cpp">
      <Filter>Source Files</Filter>
    </ClCompile>
    <ClCompile Include="SceneEditorTabFactory.cpp">
      <Filter>Source Files\EditorTabs\Factories</Filter>
    </ClCompile>
    <ClCompile Include="SceneEditorTab.cpp">
      <Filter>Source Files\EditorTabs\SceneEditor</Filter>
    </ClCompile>
    <ClCompile Include="SceneEditorSaveData.cpp">
      <Filter>Source Files\EditorTabs\SceneEditor</Filter>
    </ClCompile>
    <ClCompile Include="ComponentInspector.cpp">
      <Filter>Source Files\ComponentInspectors</Filter>
    </ClCompile>
    <ClCompile Include="RigidBodyInspector.cpp">
      <Filter>Source Files\ComponentInspectors</Filter>
    </ClCompile>
    <ClCompile Include="GameObjectEditorTab.cpp">
      <Filter>Source Files\EditorTabs\GameObjectEditor</Filter>
    </ClCompile>
    <ClCompile Include="GameObjectEditorSaveData.cpp">
      <Filter>Source Files\EditorTabs\GameObjectEditor</Filter>
    </ClCompile>
    <ClCompile Include="GameObjectEditorTabFactory.cpp">
      <Filter>Source Files\EditorTabs\Factories</Filter>
    </ClCompile>
    <ClCompile Include="SystemDialog.cpp">
      <Filter>Source Files\EditorTabs</Filter>
    </ClCompile>
    <ClCompile Include="AnimatorInspector.cpp">
      <Filter>Source Files\ComponentInspectors</Filter>
    </ClCompile>
    <ClCompile Include="ComponentInspectorBase.cpp">
      <Filter>Source Files\ComponentInspectors</Filter>
    </ClCompile>
    <ClCompile Include="EditorSettings.cpp">
      <Filter>Source Files</Filter>
    </ClCompile>
    <ClCompile Include="CCTInspector.cpp">
      <Filter>Source Files\ComponentInspectors</Filter>
    </ClCompile>
  </ItemGroup>
  <ItemGroup>
    <ClInclude Include="EditorContext.h">
      <Filter>Source Files</Filter>
    </ClInclude>
    <ClInclude Include="DataInspector.h">
      <Filter>Source Files</Filter>
    </ClInclude>
    <ClInclude Include="ImGuiExtern.h">
      <Filter>Source Files</Filter>
    </ClInclude>
    <ClInclude Include="TestScript.h">
      <Filter>Source Files\TestScript</Filter>
    </ClInclude>
    <ClInclude Include="RotateScript.h">
      <Filter>Source Files\TestScript</Filter>
    </ClInclude>
    <ClInclude Include="ScriptList.h">
      <Filter>Source Files\TestScript</Filter>
    </ClInclude>
    <ClInclude Include="EditorTab.h">
      <Filter>Source Files\EditorTabs</Filter>
    </ClInclude>
    <ClInclude Include="EditorTabFactory.h">
      <Filter>Source Files\EditorTabs\Factories</Filter>
    </ClInclude>
    <ClInclude Include="AnimatorEditorTabFactory.h">
      <Filter>Source Files\EditorTabs\Factories</Filter>
    </ClInclude>
    <ClInclude Include="AnimatorEditorTab.h">
      <Filter>Source Files\EditorTabs\AnimatorEditor</Filter>
    </ClInclude>
    <ClInclude Include="..\Libraries\imgui-node-editor\crude_json.h">
      <Filter>Libraries\imgui-node-editor</Filter>
    </ClInclude>
    <ClInclude Include="..\Libraries\imgui-node-editor\imgui_bezier_math.h">
      <Filter>Libraries\imgui-node-editor</Filter>
    </ClInclude>
    <ClInclude Include="..\Libraries\imgui-node-editor\imgui_canvas.h">
      <Filter>Libraries\imgui-node-editor</Filter>
    </ClInclude>
    <ClInclude Include="..\Libraries\imgui-node-editor\imgui_extra_math.h">
      <Filter>Libraries\imgui-node-editor</Filter>
    </ClInclude>
    <ClInclude Include="..\Libraries\imgui-node-editor\imgui_node_editor.h">
      <Filter>Libraries\imgui-node-editor</Filter>
    </ClInclude>
    <ClInclude Include="..\Libraries\imgui-node-editor\imgui_node_editor_internal.h">
      <Filter>Libraries\imgui-node-editor</Filter>
    </ClInclude>
    <ClInclude Include="AnimatorEditorSaveData.h">
      <Filter>Source Files\EditorTabs\AnimatorEditor</Filter>
    </ClInclude>
    <ClInclude Include="NodeEditorUtils\builders.h">
      <Filter>Libraries\imgui-node-editor\utils</Filter>
    </ClInclude>
    <ClInclude Include="NodeEditorUtils\drawing.h">
      <Filter>Libraries\imgui-node-editor\utils</Filter>
    </ClInclude>
    <ClInclude Include="NodeEditorUtils\widgets.h">
      <Filter>Libraries\imgui-node-editor\utils</Filter>
    </ClInclude>
    <ClInclude Include="EditorFont.h">
      <Filter>Source Files</Filter>
    </ClInclude>
    <ClInclude Include="SceneEditorTabFactory.h">
      <Filter>Source Files\EditorTabs\Factories</Filter>
    </ClInclude>
    <ClInclude Include="SceneEditorTab.h">
      <Filter>Source Files\EditorTabs\SceneEditor</Filter>
    </ClInclude>
    <ClInclude Include="SceneEditorSaveData.h">
      <Filter>Source Files\EditorTabs\SceneEditor</Filter>
    </ClInclude>
    <ClInclude Include="ComponentInspector.h">
      <Filter>Source Files\ComponentInspectors</Filter>
    </ClInclude>
    <ClInclude Include="RigidBodyInspector.h">
      <Filter>Source Files\ComponentInspectors</Filter>
    </ClInclude>
    <ClInclude Include="ComponentInspectorBase.h">
      <Filter>Source Files\ComponentInspectors</Filter>
    </ClInclude>
    <ClInclude Include="GameObjectEditorTab.h">
      <Filter>Source Files\EditorTabs\GameObjectEditor</Filter>
    </ClInclude>
    <ClInclude Include="GameObjectEditorSaveData.h">
      <Filter>Source Files\EditorTabs\GameObjectEditor</Filter>
    </ClInclude>
    <ClInclude Include="GameObjectEditorTabFactory.h">
      <Filter>Source Files\EditorTabs\Factories</Filter>
    </ClInclude>
    <ClInclude Include="SystemDialog.h">
      <Filter>Source Files\EditorTabs</Filter>
    </ClInclude>
    <ClInclude Include="AnimatorInspector.h">
      <Filter>Source Files\ComponentInspectors</Filter>
    </ClInclude>
    <ClInclude Include="EditorSettings.h">
      <Filter>Source Files</Filter>
    </ClInclude>
    <ClInclude Include="CCTInspector.h">
      <Filter>Source Files\ComponentInspectors</Filter>
    </ClInclude>
  </ItemGroup>
  <ItemGroup>
    <Natvis Include="..\..\..\Runtime\Core\DebugView.natvis" />
    <Natvis Include="..\..\..\Libraries\glm\util\glm.natvis" />
  </ItemGroup>
  <ItemGroup>
    <None Include="..\Libraries\imgui-node-editor\.git">
      <Filter>Libraries\imgui-node-editor</Filter>
    </None>
    <None Include="..\Libraries\imgui-node-editor\.gitignore">
      <Filter>Libraries\imgui-node-editor</Filter>
    </None>
    <None Include="..\Libraries\imgui-node-editor\imgui_bezier_math.inl">
      <Filter>Libraries\imgui-node-editor</Filter>
    </None>
    <None Include="..\Libraries\imgui-node-editor\imgui_extra_math.inl">
      <Filter>Libraries\imgui-node-editor</Filter>
    </None>
    <None Include="..\Libraries\imgui-node-editor\imgui_node_editor_internal.inl">
      <Filter>Libraries\imgui-node-editor</Filter>
    </None>
    <None Include="..\Libraries\imgui-node-editor\LICENSE">
      <Filter>Libraries\imgui-node-editor</Filter>
    </None>
  </ItemGroup>
  <ItemGroup>
    <CopyFileToFolders Include="..\Resources\BlueprintBackground.png">
      <Filter>Libraries\imgui-node-editor\rc</Filter>
    </CopyFileToFolders>
    <CopyFileToFolders Include="..\Resources\Fonts\Font Awesome 6 Free-Solid-900.otf">
      <Filter>Resources\Fonts</Filter>
    </CopyFileToFolders>
  </ItemGroup>
  <ItemGroup>
    <Font Include="..\Resources\Fonts\Font Awesome 6 Brands-Regular-400.otf">
      <Filter>Resources\Fonts</Filter>
    </Font>
    <Font Include="..\Resources\Fonts\Font Awesome 6 Free-Regular-400.otf">
      <Filter>Resources\Fonts</Filter>
    </Font>
  </ItemGroup>
</Project>